PODS:
  - barcode_scanner (0.0.1):
    - Flutter
  - Flutter (1.0.0)

DEPENDENCIES:
  - barcode_scanner (from `.symlinks/plugins/barcode_scanner/ios`)
  - Flutter (from `Flutter`)

EXTERNAL SOURCES:
  barcode_scanner:
    :path: ".symlinks/plugins/barcode_scanner/ios"
  Flutter:
    :path: Flutter

SPEC CHECKSUMS:
  barcode_scanner: e0fc460fc6ed15a9d9bd07e2676d0a30ed19be29
  Flutter: 0e3d915762c693b495b44d77113d4970485de6ec

PODFILE CHECKSUM: e45c292f618eeca3034958d33b444b6e1249b55f

COCOAPODS: 1.8.4
